
Microsoft Visual Studio Solution File, Format Version 12.00
# Visual Studio Version 17
VisualStudioVersion = 17.6.33815.320
MinimumVisualStudioVersion = 10.0.40219.1
Project("{FAE04EC0-301F-11D3-BF4B-00C04F79EFBC}") = "basicdotnet", "basicdotnet\basicdotnet.csproj", "{1EE633DF-3F82-4873-B7CA-F5602858AA2A}"
EndProject
Global
	GlobalSection(SolutionConfigurationPlatforms) = preSolution
		Debug|Any CPU = Debug|Any CPU
		Release|Any CPU = Release|Any CPU
	EndGlobalSection
	GlobalSection(ProjectConfigurationPlatforms) = postSolution
		{1EE633DF-3F82-4873-B7CA-F5602858AA2A}.Debug|Any CPU.ActiveCfg = Debug|Any CPU
		{1EE633DF-3F82-4873-B7CA-F5602858AA2A}.Debug|Any CPU.Build.0 = Debug|Any CPU
		{1EE633DF-3F82-4873-B7CA-F5602858AA2A}.Release|Any CPU.ActiveCfg = Release|Any CPU
		{1EE633DF-3F82-4873-B7CA-F5602858AA2A}.Release|Any CPU.Build.0 = Release|Any CPU
	EndGlobalSection
	GlobalSection(SolutionProperties) = preSolution
		HideSolutionNode = FALSE
	EndGlobalSection
	GlobalSection(ExtensibilityGlobals) = postSolution
		SolutionGuid = {D588D54D-B3B8-4269-99F6-9AAF9A2606E9}
	EndGlobalSection
EndGlobal
